// !$*UTF8*$!
{
	archiveVersion = 1;
	classes = {
	};
	objectVersion = 46;
	objects = {

/* Begin PBXBuildFile section */
		CD13C1E11C7C600000B856EC /* AppDelegate.swift in Sources */ = {isa = PBXBuildFile; fileRef = CD13C1E01C7C600000B856EC /* AppDelegate.swift */; };
		CD13C1E31C7C600000B856EC /* ViewController.swift in Sources */ = {isa = PBXBuildFile; fileRef = CD13C1E21C7C600000B856EC /* ViewController.swift */; };
		CD13C1E61C7C600000B856EC /* Main.storyboard in Resources */ = {isa = PBXBuildFile; fileRef = CD13C1E41C7C600000B856EC /* Main.storyboard */; };
		CD13C1E81C7C600000B856EC /* Assets.xcassets in Resources */ = {isa = PBXBuildFile; fileRef = CD13C1E71C7C600000B856EC /* Assets.xcassets */; };
		CD13C1EB1C7C600000B856EC /* LaunchScreen.storyboard in Resources */ = {isa = PBXBuildFile; fileRef = CD13C1E91C7C600000B856EC /* LaunchScreen.storyboard */; };
		CD13C1F41C7C615400B856EC /* SMToast.swift in Sources */ = {isa = PBXBuildFile; fileRef = CD13C1F31C7C615400B856EC /* SMToast.swift */; };
/* End PBXBuildFile section */

/* Begin PBXFileReference section */
		CD13C1DD1C7C600000B856EC /* SMToast.app */ = {isa = PBXFileReference; explicitFileType = wrapper.application; includeInIndex = 0; path = SMToast.app; sourceTree = BUILT_PRODUCTS_DIR; };
		CD13C1E01C7C600000B856EC /* AppDelegate.swift */ = {isa = PBXFileReference; lastKnownFileType = sourcecode.swift; path = AppDelegate.swift; sourceTree = "<group>"; };
		CD13C1E21C7C600000B856EC /* ViewController.swift */ = {isa = PBXFileReference; lastKnownFileType = sourcecode.swift; path = ViewController.swift; sourceTree = "<group>"; };
		CD13C1E51C7C600000B856EC /* Base */ = {isa = PBXFileReference; lastKnownFileType = file.storyboard; name = Base; path = Base.lproj/Main.storyboard; sourceTree = "<group>"; };
		CD13C1E71C7C600000B856EC /* Assets.xcassets */ = {isa = PBXFileReference; lastKnownFileType = folder.assetcatalog; path = Assets.xcassets; sourceTree = "<group>"; };
		CD13C1EA1C7C600000B856EC /* Base */ = {isa = PBXFileReference; lastKnownFileType = file.storyboard; name = Base; path = Base.lproj/LaunchScreen.storyboard; sourceTree = "<group>"; };
		CD13C1EC1C7C600000B856EC /* Info.plist */ = {isa = PBXFileReference; lastKnownFileType = text.plist.xml; path = Info.plist; sourceTree = "<group>"; };
		CD13C1F31C7C615400B856EC /* SMToast.swift */ = {isa = PBXFileReference; fileEncoding = 4; lastKnownFileType = sourcecode.swift; path = SMToast.swift; sourceTree = "<group>"; };
/* End PBXFileReference section */

/* Begin PBXFrameworksBuildPhase section */
		CD13C1DA1C7C600000B856EC /* Frameworks */ = {
			isa = PBXFrameworksBuildPhase;
			buildActionMask = 2147483647;
			files = (
			);
			runOnlyForDeploymentPostprocessing = 0;
		};
/* End PBXFrameworksBuildPhase section */

/* Begin PBXGroup section */
		CD13C1D41C7C600000B856EC = {
			isa = PBXGroup;
			children = (
				CD13C1F21C7C612A00B856EC /* SMToast */,
				CD13C1DF1C7C600000B856EC /* SMToastDemo */,
				CD13C1DE1C7C600000B856EC /* Products */,
			);
			sourceTree = "<group>";
		};
		CD13C1DE1C7C600000B856EC /* Products */ = {
			isa = PBXGroup;
			children = (
				CD13C1DD1C7C600000B856EC /* SMToast.app */,
			);
			name = Products;
			sourceTree = "<group>";
		};
		CD13C1DF1C7C600000B856EC /* SMToastDemo */ = {
			isa = PBXGroup;
			children = (
				CD13C1E01C7C600000B856EC /* AppDelegate.swift */,
				CD13C1E21C7C600000B856EC /* ViewController.swift */,
				CD13C1E41C7C600000B856EC /* Main.storyboard */,
				CD13C1E71C7C600000B856EC /* Assets.xcassets */,
				CD13C1E91C7C600000B856EC /* LaunchScreen.storyboard */,
				CD13C1EC1C7C600000B856EC /* Info.plist */,
			);
			path = SMToastDemo;
			sourceTree = "<group>";
		};
		CD13C1F21C7C612A00B856EC /* SMToast */ = {
			isa = PBXGroup;
			children = (
				CD13C1F31C7C615400B856EC /* SMToast.swift */,
			);
			path = SMToast;
			sourceTree = "<group>";
		};
/* End PBXGroup section */

/* Begin PBXNativeTarget section */
		CD13C1DC1C7C600000B856EC /* SMToast */ = {
			isa = PBXNativeTarget;
			buildConfigurationList = CD13C1EF1C7C600000B856EC /* Build configuration list for PBXNativeTarget "SMToast" */;
			buildPhases = (
				CD13C1D91C7C600000B856EC /* Sources */,
				CD13C1DA1C7C600000B856EC /* Frameworks */,
				CD13C1DB1C7C600000B856EC /* Resources */,
			);
			buildRules = (
			);
			dependencies = (
			);
			name = SMToast;
			productName = SMToastDemo;
			productReference = CD13C1DD1C7C600000B856EC /* SMToast.app */;
			productType = "com.apple.product-type.application";
		};
/* End PBXNativeTarget section */

/* Begin PBXProject section */
		CD13C1D51C7C600000B856EC /* Project object */ = {
			isa = PBXProject;
			attributes = {
				LastSwiftUpdateCheck = 0720;
				LastUpgradeCheck = 0720;
				ORGANIZATIONNAME = softman123g;
				TargetAttributes = {
					CD13C1DC1C7C600000B856EC = {
						CreatedOnToolsVersion = 7.2;
					};
				};
			};
			buildConfigurationList = CD13C1D81C7C600000B856EC /* Build configuration list for PBXProject "SMToast" */;
			compatibilityVersion = "Xcode 3.2";
			developmentRegion = English;
			hasScannedForEncodings = 0;
			knownRegions = (
				en,
				Base,
			);
			mainGroup = CD13C1D41C7C600000B856EC;
			productRefGroup = CD13C1DE1C7C600000B856EC /* Products */;
			projectDirPath = "";
			projectRoot = "";
			targets = (
				CD13C1DC1C7C600000B856EC /* SMToast */,
			);
		};
/* End PBXProject section */

/* Begin PBXResourcesBuildPhase section */
		CD13C1DB1C7C600000B856EC /* Resources */ = {
			isa = PBXResourcesBuildPhase;
			buildActionMask = 2147483647;
			files = (
				CD13C1EB1C7C600000B856EC /* LaunchScreen.storyboard in Resources */,
				CD13C1E81C7C600000B856EC /* Assets.xcassets in Resources */,
				CD13C1E61C7C600000B856EC /* Main.storyboard in Resources */,
			);
			runOnlyForDeploymentPostprocessing = 0;
		};
/* End PBXResourcesBuildPhase section */

/* Begin PBXSourcesBuildPhase section */
		CD13C1D91C7C600000B856EC /* Sources */ = {
			isa = PBXSourcesBuildPhase;
			buildActionMask = 2147483647;
			files = (
				CD13C1E31C7C600000B856EC /* ViewController.swift in Sources */,
				CD13C1F41C7C615400B856EC /* SMToast.swift in Sources */,
				CD13C1E11C7C600000B856EC /* AppDelegate.swift in Sources */,
			);
			runOnlyForDeploymentPostprocessing = 0;
		};
/* End PBXSourcesBuildPhase section */

/* Begin PBXVariantGroup section */
		CD13C1E41C7C600000B856EC /* Main.storyboard */ = {
			isa = PBXVariantGroup;
			children = (
				CD13C1E51C7C600000B856EC /* Base */,
			);
			name = Main.storyboard;
			sourceTree = "<group>";
		};
		CD13C1E91C7C600000B856EC /* LaunchScreen.storyboard */ = {
			isa = PBXVariantGroup;
			children = (
				CD13C1EA1C7C600000B856EC /* Base */,
			);
			name = LaunchScreen.storyboard;
			sourceTree = "<group>";
		};
/* End PBXVariantGroup section */

/* Begin XCBuildConfiguration section */
		CD13C1ED1C7C600000B856EC /* Debug */ = {
			isa = XCBuildConfiguration;
			buildSettings = {
				ALWAYS_SEARCH_USER_PATHS = NO;
				CLANG_CXX_LANGUAGE_STANDARD = "gnu++0x";
				CLANG_CXX_LIBRARY = "libc++";
				CLANG_ENABLE_MODULES = YES;
				CLANG_ENABLE_OBJC_ARC = YES;
				CLANG_WARN_BOOL_CONVERSION = YES;
				CLANG_WARN_CONSTANT_CONVERSION = YES;
				CLANG_WARN_DIRECT_OBJC_ISA_USAGE = YES_ERROR;
				CLANG_WARN_EMPTY_BODY = YES;
				CLANG_WARN_ENUM_CONVERSION = YES;
				CLANG_WARN_INT_CONVERSION = YES;
				CLANG_WARN_OBJC_ROOT_CLASS = YES_ERROR;
				CLANG_WARN_UNREACHABLE_CODE = YES;
				CLANG_WARN__DUPLICATE_METHOD_MATCH = YES;
				"CODE_SIGN_IDENTITY[sdk=iphoneos*]" = "iPhone Developer";
				COPY_PHASE_STRIP = NO;
				DEBUG_INFORMATION_FORMAT = dwarf;
				ENABLE_STRICT_OBJC_MSGSEND = YES;
				ENABLE_TESTABILITY = YES;
				GCC_C_LANGUAGE_STANDARD = gnu99;
				GCC_DYNAMIC_NO_PIC = NO;
				GCC_NO_COMMON_BLOCKS = YES;
				GCC_OPTIMIZATION_LEVEL = 0;
				GCC_PREPROCESSOR_DEFINITIONS = (
					"DEBUG=1",
					"$(inherited)",
				);
				GCC_WARN_64_TO_32_BIT_CONVERSION = YES;
				GCC_WARN_ABOUT_RETURN_TYPE = YES_ERROR;
				GCC_WARN_UNDECLARED_SELECTOR = YES;
				GCC_WARN_UNINITIALIZED_AUTOS = YES_AGGRESSIVE;
				GCC_WARN_UNUSED_FUNCTION = YES;
				GCC_WARN_UNUSED_VARIABLE = YES;
				IPHONEOS_DEPLOYMENT_TARGET = 8.3;
				MTL_ENABLE_DEBUG_INFO = YES;
				ONLY_ACTIVE_ARCH = YES;
				SDKROOT = iphoneos;
				SWIFT_OPTIMIZATION_LEVEL = "-Onone";
				TARGETED_DEVICE_FAMILY = "1,2";
			};
			name = Debug;
		};
		CD13C1EE1C7C600000B856EC /* Release */ = {
			isa = XCBuildConfiguration;
			buildSettings = {
				ALWAYS_SEARCH_USER_PATHS = NO;
				CLANG_CXX_LANGUAGE_STANDARD = "gnu++0x";
				CLANG_CXX_LIBRARY = "libc++";
				CLANG_ENABLE_MODULES = YES;
				CLANG_ENABLE_OBJC_ARC = YES;
				CLANG_WARN_BOOL_CONVERSION = YES;
				CLANG_WARN_CONSTANT_CONVERSION = YES;
				CLANG_WARN_DIRECT_OBJC_ISA_USAGE = YES_ERROR;
				CLANG_WARN_EMPTY_BODY = YES;
				CLANG_WARN_ENUM_CONVERSION = YES;
				CLANG_WARN_INT_CONVERSION = YES;
				CLANG_WARN_OBJC_ROOT_CLASS = YES_ERROR;
				CLANG_WARN_UNREACHABLE_CODE = YES;
				CLANG_WARN__DUPLICATE_METHOD_MATCH = YES;
				"CODE_SIGN_IDENTITY[sdk=iphoneos*]" = "iPhone Developer";
				COPY_PHASE_STRIP = NO;
				DEBUG_INFORMATION_FORMAT = "dwarf-with-dsym";
				ENABLE_NS_ASSERTIONS = NO;
				ENABLE_STRICT_OBJC_MSGSEND = YES;
				GCC_C_LANGUAGE_STANDARD = gnu99;
				GCC_NO_COMMON_BLOCKS = YES;
				GCC_WARN_64_TO_32_BIT_CONVERSION = YES;
				GCC_WARN_ABOUT_RETURN_TYPE = YES_ERROR;
				GCC_WARN_UNDECLARED_SELECTOR = YES;
				GCC_WARN_UNINITIALIZED_AUTOS = YES_AGGRESSIVE;
				GCC_WARN_UNUSED_FUNCTION = YES;
				GCC_WARN_UNUSED_VARIABLE = YES;
				IPHONEOS_DEPLOYMENT_TARGET = 8.3;
				MTL_ENABLE_DEBUG_INFO = NO;
				SDKROOT = iphoneos;
				TARGETED_DEVICE_FAMILY = "1,2";
				VALIDATE_PRODUCT = YES;
			};
			name = Release;
		};
		CD13C1F01C7C600000B856EC /* Debug */ = {
			isa = XCBuildConfiguration;
			buildSettings = {
				ASSETCATALOG_COMPILER_APPICON_NAME = AppIcon;
				INFOPLIST_FILE = SMToastDemo/Info.plist;
				LD_RUNPATH_SEARCH_PATHS = "$(inherited) @executable_path/Frameworks";
				PRODUCT_BUNDLE_IDENTIFIER = com.softman123g.SMToast;
				PRODUCT_NAME = SMToast;
			};
			name = Debug;
		};
		CD13C1F11C7C600000B856EC /* Release */ = {
			isa = XCBuildConfiguration;
			buildSettings = {
				ASSETCATALOG_COMPILER_APPICON_NAME = AppIcon;
				INFOPLIST_FILE = SMToastDemo/Info.plist;
				LD_RUNPATH_SEARCH_PATHS = "$(inherited) @executable_path/Frameworks";
				PRODUCT_BUNDLE_IDENTIFIER = com.softman123g.SMToast;
				PRODUCT_NAME = SMToast;
			};
			name = Release;
		};
/* End XCBuildConfiguration section */

/* Begin XCConfigurationList section */
		CD13C1D81C7C600000B856EC /* Build configuration list for PBXProject "SMToast" */ = {
			isa = XCConfigurationList;
			buildConfigurations = (
				CD13C1ED1C7C600000B856EC /* Debug */,
				CD13C1EE1C7C600000B856EC /* Release */,
			);
			defaultConfigurationIsVisible = 0;
			defaultConfigurationName = Release;
		};
		CD13C1EF1C7C600000B856EC /* Build configuration list for PBXNativeTarget "SMToast" */ = {
			isa = XCConfigurationList;
			buildConfigurations = (
				CD13C1F01C7C600000B856EC /* Debug */,
				CD13C1F11C7C600000B856EC /* Release */,
			);
			defaultConfigurationIsVisible = 0;
		};
/* End XCConfigurationList section */
	};
	rootObject = CD13C1D51C7C600000B856EC /* Project object */;
}
